
Microsoft Visual Studio Solution File, Format Version 12.00
# Visual Studio Version 17
VisualStudioVersion = 17.4.33213.308
MinimumVisualStudioVersion = 10.0.40219.1
Project("{FAE04EC0-301F-11D3-BF4B-00C04F79EFBC}") = "Arrays", "Arrays.csproj", "{9BEE993E-D537-4026-9CA4-00CCABB47FBA}"
EndProject
Global
	GlobalSection(SolutionConfigurationPlatforms) = preSolution
		Debug|Any CPU = Debug|Any CPU
		Release|Any CPU = Release|Any CPU
	EndGlobalSection
	GlobalSection(ProjectConfigurationPlatforms) = postSolution
		{9BEE993E-D537-4026-9CA4-00CCABB47FBA}.Debug|Any CPU.ActiveCfg = Debug|Any CPU
		{9BEE993E-D537-4026-9CA4-00CCABB47FBA}.Debug|Any CPU.Build.0 = Debug|Any CPU
		{9BEE993E-D537-4026-9CA4-00CCABB47FBA}.Release|Any CPU.ActiveCfg = Release|Any CPU
		{9BEE993E-D537-4026-9CA4-00CCABB47FBA}.Release|Any CPU.Build.0 = Release|Any CPU
	EndGlobalSection
	GlobalSection(SolutionProperties) = preSolution
		HideSolutionNode = FALSE
	EndGlobalSection
	GlobalSection(ExtensibilityGlobals) = postSolution
		SolutionGuid = {DA3DC51E-BD28-49A4-8166-F0F568F66609}
	EndGlobalSection
EndGlobal
