
Microsoft Visual Studio Solution File, Format Version 12.00
# Visual Studio Version 17
VisualStudioVersion = 17.4.33213.308
MinimumVisualStudioVersion = 10.0.40219.1
Project("{FAE04EC0-301F-11D3-BF4B-00C04F79EFBC}") = "Classes", "Classes.csproj", "{2CF1A7F0-1EB2-4D9A-BE6F-F48223D4995D}"
EndProject
Global
	GlobalSection(SolutionConfigurationPlatforms) = preSolution
		Debug|Any CPU = Debug|Any CPU
		Release|Any CPU = Release|Any CPU
	EndGlobalSection
	GlobalSection(ProjectConfigurationPlatforms) = postSolution
		{2CF1A7F0-1EB2-4D9A-BE6F-F48223D4995D}.Debug|Any CPU.ActiveCfg = Debug|Any CPU
		{2CF1A7F0-1EB2-4D9A-BE6F-F48223D4995D}.Debug|Any CPU.Build.0 = Debug|Any CPU
		{2CF1A7F0-1EB2-4D9A-BE6F-F48223D4995D}.Release|Any CPU.ActiveCfg = Release|Any CPU
		{2CF1A7F0-1EB2-4D9A-BE6F-F48223D4995D}.Release|Any CPU.Build.0 = Release|Any CPU
	EndGlobalSection
	GlobalSection(SolutionProperties) = preSolution
		HideSolutionNode = FALSE
	EndGlobalSection
	GlobalSection(ExtensibilityGlobals) = postSolution
		SolutionGuid = {E09C3255-B429-4B68-A352-497E6C8FA616}
	EndGlobalSection
EndGlobal
