
Microsoft Visual Studio Solution File, Format Version 12.00
# Visual Studio Version 17
VisualStudioVersion = 17.4.33213.308
MinimumVisualStudioVersion = 10.0.40219.1
Project("{FAE04EC0-301F-11D3-BF4B-00C04F79EFBC}") = "Interfaces", "Interfaces.csproj", "{96880A56-1B59-49F2-B4C7-B6B5AAF5C4A7}"
EndProject
Global
	GlobalSection(SolutionConfigurationPlatforms) = preSolution
		Debug|Any CPU = Debug|Any CPU
		Release|Any CPU = Release|Any CPU
	EndGlobalSection
	GlobalSection(ProjectConfigurationPlatforms) = postSolution
		{96880A56-1B59-49F2-B4C7-B6B5AAF5C4A7}.Debug|Any CPU.ActiveCfg = Debug|Any CPU
		{96880A56-1B59-49F2-B4C7-B6B5AAF5C4A7}.Debug|Any CPU.Build.0 = Debug|Any CPU
		{96880A56-1B59-49F2-B4C7-B6B5AAF5C4A7}.Release|Any CPU.ActiveCfg = Release|Any CPU
		{96880A56-1B59-49F2-B4C7-B6B5AAF5C4A7}.Release|Any CPU.Build.0 = Release|Any CPU
	EndGlobalSection
	GlobalSection(SolutionProperties) = preSolution
		HideSolutionNode = FALSE
	EndGlobalSection
	GlobalSection(ExtensibilityGlobals) = postSolution
		SolutionGuid = {96B3F9E6-FDEC-4431-A785-26BAB8A9818E}
	EndGlobalSection
EndGlobal
